annotated-types==0.7.0
anyio==4.4.0
appdirs==1.4.4
asgiref==3.8.1
certifi==2024.8.30
charset-normalizer==3.3.2
chatstream @ git+https://github.com/wch/chatstream.git@a2a1e41354cd811f5eedaabbb728e46324689abb
click==8.1.7
distro==1.9.0
h11==0.14.0
htmltools==0.5.3
httpcore==1.0.5
httpx==0.27.2
idna==3.8
jiter==0.5.0
linkify-it-py==2.0.3
markdown-it-py==3.0.0
mdit-py-plugins==0.4.2
mdurl==0.1.2
openai==1.45.0
packaging==24.1
prompt-toolkit==3.0.36
pydantic==2.9.1
pydantic_core==2.23.3
python-multipart==0.0.9
questionary==2.0.1
regex==2024.9.11
requests==2.32.3
setuptools==74.1.2
shiny==1.1.0
sniffio==1.3.1
starlette==0.38.5
tiktoken==0.7.0
tqdm==4.66.5
typing_extensions==4.12.2
uc-micro-py==1.0.3
urllib3==2.2.3
uvicorn==0.30.6
watchfiles==0.24.0
wcwidth==0.2.13
websockets==13.0.1
